{
  "name": "@avatarium/example-js",
  "version": "1.0.0",
  "lockfileVersion": 3,
  "requires": true,
  "packages": {
    "": {
      "name": "@avatarium/example-js",
      "version": "1.0.0",
      "dependencies": {
        "@avatarium/js": "1.0.1"
      }
    },
    "node_modules/@avatarium/js": {
      "version": "1.0.1",
      "resolved": "https://registry.npmjs.org/@avatarium/js/-/js-1.0.1.tgz",
      "integrity": "sha512-Twh71s/Y8nfp6uO5zIKhhq97DhoGVRjgm2Mtotvy6Sw7mxSj2gUAxRW2nUCHl+cu0vrjDeEidTnW3D9N3DHXEQ==",
      "license": "MIT"
    }
  }
}
